
Microsoft Visual Studio Solution File, Format Version 11.00
# Visual Studio 2010
Project("{8BC9CEB8-8B4A-11D0-8D11-00A0C91BC942}") = "mayaClockServer", "mayaClockServer.vcxproj", "{D69E9728-1E83-2D1B-8BDD-5F07A5345E14}"
EndProject
Global
	GlobalSection(SolutionConfigurationPlatforms) = preSolution
		Debug|Win32 = Debug|Win32
		Release|Win32 = Release|Win32
		ReleaseDebug|Win32 = ReleaseDebug|Win32
	EndGlobalSection
	GlobalSection(ProjectConfigurationPlatforms) = postSolution
		{D69E9728-1E83-2D1B-8BDD-5F07A5345E14}.Debug|Win32.ActiveCfg = Debug|Win32
		{D69E9728-1E83-2D1B-8BDD-5F07A5345E14}.Debug|Win32.Build.0 = Debug|Win32
		{D69E9728-1E83-2D1B-8BDD-5F07A5345E14}.Release|Win32.ActiveCfg = Release|Win32
		{D69E9728-1E83-2D1B-8BDD-5F07A5345E14}.Release|Win32.Build.0 = Release|Win32
		{D69E9728-1E83-2D1B-8BDD-5F07A5345E14}.ReleaseDebug|Win32.ActiveCfg = ReleaseDebug|Win32
		{D69E9728-1E83-2D1B-8BDD-5F07A5345E14}.ReleaseDebug|Win32.Build.0 = ReleaseDebug|Win32
	EndGlobalSection
	GlobalSection(SolutionProperties) = preSolution
		HideSolutionNode = FALSE
	EndGlobalSection
EndGlobal
