<?xml version="1.0" encoding="utf-8"?>
<Project ToolsVersion="4.0" xmlns="http://schemas.microsoft.com/developer/msbuild/2003">
  <ItemGroup>
    <Filter Include="Source Files">
      <UniqueIdentifier>{4b35c2de-3f55-483e-8070-fa709208ba4a}</UniqueIdentifier>
    </Filter>
    <Filter Include="Header Files">
      <UniqueIdentifier>{a26cd423-14bf-4ab3-883d-57615a5cece6}</UniqueIdentifier>
    </Filter>
  </ItemGroup>
  <ItemGroup>
    <ClCompile Include="prelinkConnector.cpp">
      <Filter>Source Files</Filter>
    </ClCompile>
    <ClCompile Include="prelinkNode.cpp">
      <Filter>Source Files</Filter>
    </ClCompile>
  </ItemGroup>
  <ItemGroup>
    <ClInclude Include="prelinkConnector.h">
      <Filter>Header Files</Filter>
    </ClInclude>
  </ItemGroup>
</Project>