<?xml version="1.0" encoding="utf-8"?>
<Project ToolsVersion="4.0" xmlns="http://schemas.microsoft.com/developer/msbuild/2003">
  <ItemGroup>
    <Filter Include="Source Files">
      <UniqueIdentifier>{4FC737F1-C7A5-4376-A066-2A32D752A2FF}</UniqueIdentifier>
      <Extensions>cpp;c;cc;cxx;def;odl;idl;hpj;bat;asm;asmx</Extensions>
    </Filter>
    <Filter Include="Header Files">
      <UniqueIdentifier>{93995380-89BD-4b04-88EB-625FBE52EBFB}</UniqueIdentifier>
      <Extensions>h;hpp;hxx;hm;inl;inc;xsd</Extensions>
    </Filter>
  </ItemGroup>
  <ItemGroup>
    <None Include="libprelink.def">
      <Filter>Source Files</Filter>
    </None>
  </ItemGroup>
  <ItemGroup>
    <ClCompile Include="libprelink.cpp">
      <Filter>Source Files</Filter>
    </ClCompile>
    <ClCompile Include="prelink_client.cxx">
      <Filter>Source Files</Filter>
    </ClCompile>
    <ClCompile Include="..\bitflix\bitflix_debug.cpp">
      <Filter>Source Files</Filter>
    </ClCompile>
    <ClCompile Include="..\bitflix\bitflix_tcpip.cpp">
      <Filter>Source Files</Filter>
    </ClCompile>
    <ClCompile Include="..\bitflix\bitflix_time.cpp">
      <Filter>Source Files</Filter>
    </ClCompile>
    <ClCompile Include="previzion_status_stream.cxx">
      <Filter>Source Files</Filter>
    </ClCompile>
    <ClCompile Include="xml_parser.cxx">
      <Filter>Source Files</Filter>
    </ClCompile>
    <ClCompile Include="lookat.cxx">
      <Filter>Source Files</Filter>
    </ClCompile>
  </ItemGroup>
  <ItemGroup>
    <ClInclude Include="libprelink.h">
      <Filter>Header Files</Filter>
    </ClInclude>
    <ClInclude Include="prelink_client.h">
      <Filter>Header Files</Filter>
    </ClInclude>
    <ClInclude Include="prelink_client_agent.h">
      <Filter>Header Files</Filter>
    </ClInclude>
    <ClInclude Include="previzion_status_stream.h">
      <Filter>Header Files</Filter>
    </ClInclude>
    <ClInclude Include="xml_parser.h">
      <Filter>Header Files</Filter>
    </ClInclude>
    <ClInclude Include="lookat.h">
      <Filter>Header Files</Filter>
    </ClInclude>
    <ClInclude Include="previzion_status.h">
      <Filter>Header Files</Filter>
    </ClInclude>
  </ItemGroup>
</Project>