
Microsoft Visual Studio Solution File, Format Version 11.00
# Visual Studio 2010
Project("{8BC9CEB8-8B4A-11D0-8D11-00A0C91BC942}") = "precam", "precam.vcxproj", "{71D1988D-C0A9-4FA8-9B5D-6F1109DF2BBD}"
EndProject
Global
	GlobalSection(SolutionConfigurationPlatforms) = preSolution
		Debug Diag LIBMT|Win32 = Debug Diag LIBMT|Win32
		Debug Diag LIBMT|x64 = Debug Diag LIBMT|x64
		Debug Diag LIBMTD|Win32 = Debug Diag LIBMTD|Win32
		Debug Diag LIBMTD|x64 = Debug Diag LIBMTD|x64
		Debug LIBMT|Win32 = Debug LIBMT|Win32
		Debug LIBMT|x64 = Debug LIBMT|x64
		Debug LIBMTD|Win32 = Debug LIBMTD|Win32
		Debug LIBMTD|x64 = Debug LIBMTD|x64
		Debug|Win32 = Debug|Win32
		Debug|x64 = Debug|x64
		OR12Debug|Win32 = OR12Debug|Win32
		OR12Debug|x64 = OR12Debug|x64
		OR12Release|Win32 = OR12Release|Win32
		OR12Release|x64 = OR12Release|x64
		Release LIBMT|Win32 = Release LIBMT|Win32
		Release LIBMT|x64 = Release LIBMT|x64
		Release LIBMTD|Win32 = Release LIBMTD|Win32
		Release LIBMTD|x64 = Release LIBMTD|x64
		Release|Win32 = Release|Win32
		Release|x64 = Release|x64
	EndGlobalSection
	GlobalSection(ProjectConfigurationPlatforms) = postSolution
		{71D1988D-C0A9-4FA8-9B5D-6F1109DF2BBD}.Debug Diag LIBMT|Win32.ActiveCfg = OR12Debug|x64
		{71D1988D-C0A9-4FA8-9B5D-6F1109DF2BBD}.Debug Diag LIBMT|x64.ActiveCfg = OR12Debug|x64
		{71D1988D-C0A9-4FA8-9B5D-6F1109DF2BBD}.Debug Diag LIBMT|x64.Build.0 = OR12Debug|x64
		{71D1988D-C0A9-4FA8-9B5D-6F1109DF2BBD}.Debug Diag LIBMTD|Win32.ActiveCfg = OR12Debug|x64
		{71D1988D-C0A9-4FA8-9B5D-6F1109DF2BBD}.Debug Diag LIBMTD|x64.ActiveCfg = OR12Debug|x64
		{71D1988D-C0A9-4FA8-9B5D-6F1109DF2BBD}.Debug Diag LIBMTD|x64.Build.0 = OR12Debug|x64
		{71D1988D-C0A9-4FA8-9B5D-6F1109DF2BBD}.Debug LIBMT|Win32.ActiveCfg = OR12Debug|x64
		{71D1988D-C0A9-4FA8-9B5D-6F1109DF2BBD}.Debug LIBMT|x64.ActiveCfg = OR12Debug|x64
		{71D1988D-C0A9-4FA8-9B5D-6F1109DF2BBD}.Debug LIBMT|x64.Build.0 = OR12Debug|x64
		{71D1988D-C0A9-4FA8-9B5D-6F1109DF2BBD}.Debug LIBMTD|Win32.ActiveCfg = OR12Debug|x64
		{71D1988D-C0A9-4FA8-9B5D-6F1109DF2BBD}.Debug LIBMTD|x64.ActiveCfg = OR12Debug|x64
		{71D1988D-C0A9-4FA8-9B5D-6F1109DF2BBD}.Debug LIBMTD|x64.Build.0 = OR12Debug|x64
		{71D1988D-C0A9-4FA8-9B5D-6F1109DF2BBD}.Debug|Win32.ActiveCfg = OR12Release|x64
		{71D1988D-C0A9-4FA8-9B5D-6F1109DF2BBD}.Debug|Win32.Build.0 = OR12Release|x64
		{71D1988D-C0A9-4FA8-9B5D-6F1109DF2BBD}.Debug|x64.ActiveCfg = OR12Debug|x64
		{71D1988D-C0A9-4FA8-9B5D-6F1109DF2BBD}.Debug|x64.Build.0 = OR12Debug|x64
		{71D1988D-C0A9-4FA8-9B5D-6F1109DF2BBD}.OR12Debug|Win32.ActiveCfg = OR12Debug|Win32
		{71D1988D-C0A9-4FA8-9B5D-6F1109DF2BBD}.OR12Debug|Win32.Build.0 = OR12Debug|Win32
		{71D1988D-C0A9-4FA8-9B5D-6F1109DF2BBD}.OR12Debug|x64.ActiveCfg = OR12Debug|x64
		{71D1988D-C0A9-4FA8-9B5D-6F1109DF2BBD}.OR12Debug|x64.Build.0 = OR12Debug|x64
		{71D1988D-C0A9-4FA8-9B5D-6F1109DF2BBD}.OR12Release|Win32.ActiveCfg = Release|Win32
		{71D1988D-C0A9-4FA8-9B5D-6F1109DF2BBD}.OR12Release|Win32.Build.0 = Release|Win32
		{71D1988D-C0A9-4FA8-9B5D-6F1109DF2BBD}.OR12Release|x64.ActiveCfg = Release|x64
		{71D1988D-C0A9-4FA8-9B5D-6F1109DF2BBD}.OR12Release|x64.Build.0 = Release|x64
		{71D1988D-C0A9-4FA8-9B5D-6F1109DF2BBD}.Release LIBMT|Win32.ActiveCfg = Release|Win32
		{71D1988D-C0A9-4FA8-9B5D-6F1109DF2BBD}.Release LIBMT|Win32.Build.0 = Release|Win32
		{71D1988D-C0A9-4FA8-9B5D-6F1109DF2BBD}.Release LIBMT|x64.ActiveCfg = Release|x64
		{71D1988D-C0A9-4FA8-9B5D-6F1109DF2BBD}.Release LIBMT|x64.Build.0 = Release|x64
		{71D1988D-C0A9-4FA8-9B5D-6F1109DF2BBD}.Release LIBMTD|Win32.ActiveCfg = Release|Win32
		{71D1988D-C0A9-4FA8-9B5D-6F1109DF2BBD}.Release LIBMTD|Win32.Build.0 = Release|Win32
		{71D1988D-C0A9-4FA8-9B5D-6F1109DF2BBD}.Release LIBMTD|x64.ActiveCfg = Release|x64
		{71D1988D-C0A9-4FA8-9B5D-6F1109DF2BBD}.Release LIBMTD|x64.Build.0 = Release|x64
		{71D1988D-C0A9-4FA8-9B5D-6F1109DF2BBD}.Release|Win32.ActiveCfg = Release|x64
		{71D1988D-C0A9-4FA8-9B5D-6F1109DF2BBD}.Release|Win32.Build.0 = Release|x64
		{71D1988D-C0A9-4FA8-9B5D-6F1109DF2BBD}.Release|x64.ActiveCfg = OR11Release|x64
	EndGlobalSection
	GlobalSection(SolutionProperties) = preSolution
		HideSolutionNode = FALSE
	EndGlobalSection
EndGlobal
