<?xml version="1.0" encoding="utf-8"?>
<Project ToolsVersion="4.0" xmlns="http://schemas.microsoft.com/developer/msbuild/2003">
  <ItemGroup>
    <Filter Include="Source Files">
      <UniqueIdentifier>{26e3603a-2ea4-4fb8-91c4-1d7cde962afa}</UniqueIdentifier>
      <Extensions>cpp;c;cxx;rc;def;r;odl;idl;hpj;bat</Extensions>
    </Filter>
    <Filter Include="Header Files">
      <UniqueIdentifier>{c0794279-fe89-4e87-a057-9aebc2b82877}</UniqueIdentifier>
      <Extensions>h;hpp;hxx;hm;inl</Extensions>
    </Filter>
  </ItemGroup>
  <ItemGroup>
    <ClCompile Include="precam.cxx">
      <Filter>Source Files</Filter>
    </ClCompile>
    <ClCompile Include="precam_device.cxx">
      <Filter>Source Files</Filter>
    </ClCompile>
    <ClCompile Include="precam_hardware.cxx">
      <Filter>Source Files</Filter>
    </ClCompile>
    <ClCompile Include="precam_layout.cxx">
      <Filter>Source Files</Filter>
    </ClCompile>
    <ClCompile Include="previzion_status_stream.cxx">
      <Filter>Source Files</Filter>
    </ClCompile>
    <ClCompile Include="xml_parser.cxx">
      <Filter>Source Files</Filter>
    </ClCompile>
    <ClCompile Include="lookat.cxx">
      <Filter>Source Files</Filter>
    </ClCompile>
    <ClCompile Include="..\bitflix\bitflix_tcpip.cpp">
      <Filter>Source Files</Filter>
    </ClCompile>
    <ClCompile Include="..\bitflix\mobu_time.cpp">
      <Filter>Source Files</Filter>
    </ClCompile>
  </ItemGroup>
  <ItemGroup>
    <ClInclude Include="precam_device.h">
      <Filter>Header Files</Filter>
    </ClInclude>
    <ClInclude Include="precam_hardware.h">
      <Filter>Header Files</Filter>
    </ClInclude>
    <ClInclude Include="precam_layout.h">
      <Filter>Header Files</Filter>
    </ClInclude>
    <ClInclude Include="previzion_camera_frame.h">
      <Filter>Header Files</Filter>
    </ClInclude>
    <ClInclude Include="previzion_status_stream.h">
      <Filter>Header Files</Filter>
    </ClInclude>
    <ClInclude Include="xml_parser.h">
      <Filter>Header Files</Filter>
    </ClInclude>
    <ClInclude Include="lookat.h">
      <Filter>Header Files</Filter>
    </ClInclude>
    <ClInclude Include="..\bitflix\bitflix_tcpip.h">
      <Filter>Header Files</Filter>
    </ClInclude>
    <ClInclude Include="..\bitflix\mobu_time.h">
      <Filter>Header Files</Filter>
    </ClInclude>
  </ItemGroup>
</Project>