<?xml version="1.0" encoding="utf-8"?>
<Project ToolsVersion="4.0" xmlns="http://schemas.microsoft.com/developer/msbuild/2003">
  <ItemGroup>
    <Filter Include="Source Files">
      <UniqueIdentifier>{5ad93bde-f6b5-4493-bd15-347c41471ff1}</UniqueIdentifier>
      <Extensions>cpp;c;cxx;rc;def;r;odl;idl;hpj;bat</Extensions>
    </Filter>
    <Filter Include="Header Files">
      <UniqueIdentifier>{bdc27064-55c5-428d-9327-a2dc35c242a9}</UniqueIdentifier>
      <Extensions>h;hpp;hxx;hm;inl</Extensions>
    </Filter>
  </ItemGroup>
  <ItemGroup>
    <ClCompile Include="prelink.cxx">
      <Filter>Source Files</Filter>
    </ClCompile>
    <ClCompile Include="prelink_device.cxx">
      <Filter>Source Files</Filter>
    </ClCompile>
    <ClCompile Include="prelink_hardware.cxx">
      <Filter>Source Files</Filter>
    </ClCompile>
    <ClCompile Include="prelink_layout.cxx">
      <Filter>Source Files</Filter>
    </ClCompile>
    <ClCompile Include="prelink_matrix.cxx">
      <Filter>Source Files</Filter>
    </ClCompile>
    <ClCompile Include="prelink_adapters.cxx">
      <Filter>Source Files</Filter>
    </ClCompile>
    <ClCompile Include="prelink_badgroup.cxx">
      <Filter>Source Files</Filter>
    </ClCompile>
    <ClCompile Include="prelink_packet.cpp">
      <Filter>Source Files</Filter>
    </ClCompile>
    <ClCompile Include="..\bitflix\bitflix_tcpip.cpp">
      <Filter>Source Files</Filter>
    </ClCompile>
    <ClCompile Include="..\bitflix\bitflix_debug.cpp">
      <Filter>Source Files</Filter>
    </ClCompile>
  </ItemGroup>
  <ItemGroup>
    <ClInclude Include="prelink_container.h">
      <Filter>Header Files</Filter>
    </ClInclude>
    <ClInclude Include="prelink_device.h">
      <Filter>Header Files</Filter>
    </ClInclude>
    <ClInclude Include="prelink_frame.h">
      <Filter>Header Files</Filter>
    </ClInclude>
    <ClInclude Include="prelink_hardware.h">
      <Filter>Header Files</Filter>
    </ClInclude>
    <ClInclude Include="prelink_layout.h">
      <Filter>Header Files</Filter>
    </ClInclude>
    <ClInclude Include="prelink_matrix.h">
      <Filter>Header Files</Filter>
    </ClInclude>
    <ClInclude Include="prelink_node.h">
      <Filter>Header Files</Filter>
    </ClInclude>
    <ClInclude Include="prelink_outer.h">
      <Filter>Header Files</Filter>
    </ClInclude>
    <ClInclude Include="prelink_packet.h">
      <Filter>Header Files</Filter>
    </ClInclude>
    <ClInclude Include="prelink_state.h">
      <Filter>Header Files</Filter>
    </ClInclude>
    <ClInclude Include="prelink_adapters.h">
      <Filter>Header Files</Filter>
    </ClInclude>
    <ClInclude Include="prelink_properties.h">
      <Filter>Header Files</Filter>
    </ClInclude>
    <ClInclude Include="prelink_badgroup.h">
      <Filter>Header Files</Filter>
    </ClInclude>
    <ClInclude Include="..\bitflix\bitflix_debug.h">
      <Filter>Header Files</Filter>
    </ClInclude>
    <ClInclude Include="..\bitflix\bitflix_tcpip.h">
      <Filter>Header Files</Filter>
    </ClInclude>
  </ItemGroup>
</Project>